
Microsoft Visual Studio Solution File, Format Version 12.00
# Visual Studio Version 16
VisualStudioVersion = 16.0.31729.503
MinimumVisualStudioVersion = 10.0.40219.1
Project("{FAE04EC0-301F-11D3-BF4B-00C04F79EFBC}") = "WeatherApp", "WeatherApp\WeatherApp.csproj", "{6FFD9FAE-E10D-45EE-A363-EBC512BEC8D2}"
EndProject
Project("{FAE04EC0-301F-11D3-BF4B-00C04F79EFBC}") = "WeatherForecast", "WeatherForecast\WeatherForecast.csproj", "{ECD3A922-DD8E-4202-B191-2C5A8E410B5A}"
EndProject
Global
	GlobalSection(SolutionConfigurationPlatforms) = preSolution
		Debug|Any CPU = Debug|Any CPU
		Release|Any CPU = Release|Any CPU
	EndGlobalSection
	GlobalSection(ProjectConfigurationPlatforms) = postSolution
		{6FFD9FAE-E10D-45EE-A363-EBC512BEC8D2}.Debug|Any CPU.ActiveCfg = Debug|Any CPU
		{6FFD9FAE-E10D-45EE-A363-EBC512BEC8D2}.Debug|Any CPU.Build.0 = Debug|Any CPU
		{6FFD9FAE-E10D-45EE-A363-EBC512BEC8D2}.Release|Any CPU.ActiveCfg = Release|Any CPU
		{6FFD9FAE-E10D-45EE-A363-EBC512BEC8D2}.Release|Any CPU.Build.0 = Release|Any CPU
		{ECD3A922-DD8E-4202-B191-2C5A8E410B5A}.Debug|Any CPU.ActiveCfg = Debug|Any CPU
		{ECD3A922-DD8E-4202-B191-2C5A8E410B5A}.Debug|Any CPU.Build.0 = Debug|Any CPU
		{ECD3A922-DD8E-4202-B191-2C5A8E410B5A}.Release|Any CPU.ActiveCfg = Release|Any CPU
		{ECD3A922-DD8E-4202-B191-2C5A8E410B5A}.Release|Any CPU.Build.0 = Release|Any CPU
	EndGlobalSection
	GlobalSection(SolutionProperties) = preSolution
		HideSolutionNode = FALSE
	EndGlobalSection
	GlobalSection(ExtensibilityGlobals) = postSolution
		SolutionGuid = {48C33290-A786-4553-BFF1-BECC74B64238}
	EndGlobalSection
EndGlobal
