
Microsoft Visual Studio Solution File, Format Version 12.00
# Visual Studio Version 16
VisualStudioVersion = 16.0.31729.503
MinimumVisualStudioVersion = 10.0.40219.1
Project("{FAE04EC0-301F-11D3-BF4B-00C04F79EFBC}") = "ConsoleWeatherUI", "ConsoleWeatherUI\ConsoleWeatherUI.csproj", "{39B6115F-25FA-467D-A54F-71FD83D26EA3}"
EndProject
Project("{FAE04EC0-301F-11D3-BF4B-00C04F79EFBC}") = "WeatherForecast", "WeatherForecast\WeatherForecast.csproj", "{C7F58ED0-3F8A-419D-9FDD-AC13134DDB0A}"
EndProject
Global
	GlobalSection(SolutionConfigurationPlatforms) = preSolution
		Debug|Any CPU = Debug|Any CPU
		Release|Any CPU = Release|Any CPU
	EndGlobalSection
	GlobalSection(ProjectConfigurationPlatforms) = postSolution
		{39B6115F-25FA-467D-A54F-71FD83D26EA3}.Debug|Any CPU.ActiveCfg = Debug|Any CPU
		{39B6115F-25FA-467D-A54F-71FD83D26EA3}.Debug|Any CPU.Build.0 = Debug|Any CPU
		{39B6115F-25FA-467D-A54F-71FD83D26EA3}.Release|Any CPU.ActiveCfg = Release|Any CPU
		{39B6115F-25FA-467D-A54F-71FD83D26EA3}.Release|Any CPU.Build.0 = Release|Any CPU
		{C7F58ED0-3F8A-419D-9FDD-AC13134DDB0A}.Debug|Any CPU.ActiveCfg = Debug|Any CPU
		{C7F58ED0-3F8A-419D-9FDD-AC13134DDB0A}.Debug|Any CPU.Build.0 = Debug|Any CPU
		{C7F58ED0-3F8A-419D-9FDD-AC13134DDB0A}.Release|Any CPU.ActiveCfg = Release|Any CPU
		{C7F58ED0-3F8A-419D-9FDD-AC13134DDB0A}.Release|Any CPU.Build.0 = Release|Any CPU
	EndGlobalSection
	GlobalSection(SolutionProperties) = preSolution
		HideSolutionNode = FALSE
	EndGlobalSection
	GlobalSection(ExtensibilityGlobals) = postSolution
		SolutionGuid = {34E10ACB-3B7A-404F-BC62-C8902AA77170}
	EndGlobalSection
EndGlobal
